
Microsoft Visual Studio Solution File, Format Version 12.00
# Visual Studio 15
VisualStudioVersion = 15.0.28010.2019
MinimumVisualStudioVersion = 10.0.40219.1
Project("{F2A71F9B-5D33-465A-A702-920D77279786}") = "doc-build", "src\doc-build.fsproj", "{31ED1853-B245-414F-8DF6-796580FD1EC3}"
EndProject
Project("{F2A71F9B-5D33-465A-A702-920D77279786}") = "doc-build-test", "test\doc-build-test.fsproj", "{9303B10C-8391-4632-8687-2333E4D825A7}"
EndProject
Global
	GlobalSection(SolutionConfigurationPlatforms) = preSolution
		Debug|Any CPU = Debug|Any CPU
		Release|Any CPU = Release|Any CPU
	EndGlobalSection
	GlobalSection(ProjectConfigurationPlatforms) = postSolution
		{31ED1853-B245-414F-8DF6-796580FD1EC3}.Debug|Any CPU.ActiveCfg = Debug|Any CPU
		{31ED1853-B245-414F-8DF6-796580FD1EC3}.Debug|Any CPU.Build.0 = Debug|Any CPU
		{31ED1853-B245-414F-8DF6-796580FD1EC3}.Release|Any CPU.ActiveCfg = Release|Any CPU
		{31ED1853-B245-414F-8DF6-796580FD1EC3}.Release|Any CPU.Build.0 = Release|Any CPU
		{9303B10C-8391-4632-8687-2333E4D825A7}.Debug|Any CPU.ActiveCfg = Debug|Any CPU
		{9303B10C-8391-4632-8687-2333E4D825A7}.Debug|Any CPU.Build.0 = Debug|Any CPU
		{9303B10C-8391-4632-8687-2333E4D825A7}.Release|Any CPU.ActiveCfg = Release|Any CPU
		{9303B10C-8391-4632-8687-2333E4D825A7}.Release|Any CPU.Build.0 = Release|Any CPU
	EndGlobalSection
	GlobalSection(SolutionProperties) = preSolution
		HideSolutionNode = FALSE
	EndGlobalSection
	GlobalSection(ExtensibilityGlobals) = postSolution
		SolutionGuid = {50811915-C2A5-427F-8481-19964AC28604}
	EndGlobalSection
EndGlobal
