
Microsoft Visual Studio Solution File, Format Version 12.00
# Visual Studio 15
VisualStudioVersion = 15.0.28307.168
MinimumVisualStudioVersion = 10.0.40219.1
Project("{6EC3EE1D-3C4E-46DD-8F32-0CC8E7565705}") = "DocBuild", "src\DocBuild.fsproj", "{C8FCB40D-D859-44C8-B2BB-472382B22DF0}"
EndProject
Project("{6EC3EE1D-3C4E-46DD-8F32-0CC8E7565705}") = "DocBuildTest", "test\DocBuildTest.fsproj", "{0B43D713-CB5F-4D89-8DCD-4DF1F80CEFCA}"
EndProject
Project("{6EC3EE1D-3C4E-46DD-8F32-0CC8E7565705}") = "DocBuildOffice", "src-msoffice\DocBuildOffice.fsproj", "{DFFBC706-401A-4897-9570-CA47EC8B212D}"
EndProject
Project("{F2A71F9B-5D33-465A-A702-920D77279786}") = "DocBuildTestPropriety", "test-propriety\DocBuildTestPropriety.fsproj", "{F19FDCDC-884B-490F-8F63-DB39E4F51D6A}"
EndProject
Global
	GlobalSection(SolutionConfigurationPlatforms) = preSolution
		Debug|Any CPU = Debug|Any CPU
		Release|Any CPU = Release|Any CPU
	EndGlobalSection
	GlobalSection(ProjectConfigurationPlatforms) = postSolution
		{C8FCB40D-D859-44C8-B2BB-472382B22DF0}.Debug|Any CPU.ActiveCfg = Debug|Any CPU
		{C8FCB40D-D859-44C8-B2BB-472382B22DF0}.Debug|Any CPU.Build.0 = Debug|Any CPU
		{C8FCB40D-D859-44C8-B2BB-472382B22DF0}.Release|Any CPU.ActiveCfg = Release|Any CPU
		{C8FCB40D-D859-44C8-B2BB-472382B22DF0}.Release|Any CPU.Build.0 = Release|Any CPU
		{0B43D713-CB5F-4D89-8DCD-4DF1F80CEFCA}.Debug|Any CPU.ActiveCfg = Debug|Any CPU
		{0B43D713-CB5F-4D89-8DCD-4DF1F80CEFCA}.Debug|Any CPU.Build.0 = Debug|Any CPU
		{0B43D713-CB5F-4D89-8DCD-4DF1F80CEFCA}.Release|Any CPU.ActiveCfg = Release|Any CPU
		{0B43D713-CB5F-4D89-8DCD-4DF1F80CEFCA}.Release|Any CPU.Build.0 = Release|Any CPU
		{DFFBC706-401A-4897-9570-CA47EC8B212D}.Debug|Any CPU.ActiveCfg = Debug|Any CPU
		{DFFBC706-401A-4897-9570-CA47EC8B212D}.Debug|Any CPU.Build.0 = Debug|Any CPU
		{DFFBC706-401A-4897-9570-CA47EC8B212D}.Release|Any CPU.ActiveCfg = Release|Any CPU
		{DFFBC706-401A-4897-9570-CA47EC8B212D}.Release|Any CPU.Build.0 = Release|Any CPU
		{F19FDCDC-884B-490F-8F63-DB39E4F51D6A}.Debug|Any CPU.ActiveCfg = Debug|Any CPU
		{F19FDCDC-884B-490F-8F63-DB39E4F51D6A}.Debug|Any CPU.Build.0 = Debug|Any CPU
		{F19FDCDC-884B-490F-8F63-DB39E4F51D6A}.Release|Any CPU.ActiveCfg = Release|Any CPU
		{F19FDCDC-884B-490F-8F63-DB39E4F51D6A}.Release|Any CPU.Build.0 = Release|Any CPU
	EndGlobalSection
	GlobalSection(SolutionProperties) = preSolution
		HideSolutionNode = FALSE
	EndGlobalSection
	GlobalSection(ExtensibilityGlobals) = postSolution
		SolutionGuid = {F6A52354-04B5-4418-B020-77975AFA817D}
	EndGlobalSection
EndGlobal
